
Microsoft Visual Studio Solution File, Format Version 12.00
# Visual Studio Version 16
VisualStudioVersion = 16.0.30204.135
MinimumVisualStudioVersion = 10.0.40219.1
Project("{9A19103F-16F7-4668-BE54-9A1E7A4F7556}") = "TeamsDownloadWatcher", "TeamsDownloadWatcher.csproj", "{5017641D-4AF9-4164-8A3B-2950CC265ABF}"
EndProject
Project("{2150E333-8FDC-42A3-9474-1A3956D46DE8}") = "Solution Items", "Solution Items", "{DB2AEC47-A6EC-499A-858F-7827A899E7A0}"
EndProject
Global
	GlobalSection(SolutionConfigurationPlatforms) = preSolution
		Debug|Any CPU = Debug|Any CPU
		Release|Any CPU = Release|Any CPU
	EndGlobalSection
	GlobalSection(ProjectConfigurationPlatforms) = postSolution
		{5017641D-4AF9-4164-8A3B-2950CC265ABF}.Debug|Any CPU.ActiveCfg = Debug|Any CPU
		{5017641D-4AF9-4164-8A3B-2950CC265ABF}.Debug|Any CPU.Build.0 = Debug|Any CPU
		{5017641D-4AF9-4164-8A3B-2950CC265ABF}.Release|Any CPU.ActiveCfg = Release|Any CPU
		{5017641D-4AF9-4164-8A3B-2950CC265ABF}.Release|Any CPU.Build.0 = Release|Any CPU
	EndGlobalSection
	GlobalSection(SolutionProperties) = preSolution
		HideSolutionNode = FALSE
	EndGlobalSection
	GlobalSection(ExtensibilityGlobals) = postSolution
		SolutionGuid = {4C95F243-47F7-4579-889E-51A7B9797102}
	EndGlobalSection
EndGlobal
